
Microsoft Visual Studio Solution File, Format Version 12.00
# Visual Studio Version 16
VisualStudioVersion = 16.0.31019.35
MinimumVisualStudioVersion = 10.0.40219.1
Project("{FAE04EC0-301F-11D3-BF4B-00C04F79EFBC}") = "Dataverse.MoveNotesFromOnetoAnother", "Dataverse.MoveNotesFromOnetoAnother.csproj", "{C4B95BF4-09C4-4C44-93C5-88FF0350BCB3}"
EndProject
Global
	GlobalSection(SolutionConfigurationPlatforms) = preSolution
		Debug|Any CPU = Debug|Any CPU
		Release|Any CPU = Release|Any CPU
	EndGlobalSection
	GlobalSection(ProjectConfigurationPlatforms) = postSolution
		{C4B95BF4-09C4-4C44-93C5-88FF0350BCB3}.Debug|Any CPU.ActiveCfg = Debug|Any CPU
		{C4B95BF4-09C4-4C44-93C5-88FF0350BCB3}.Debug|Any CPU.Build.0 = Debug|Any CPU
		{C4B95BF4-09C4-4C44-93C5-88FF0350BCB3}.Release|Any CPU.ActiveCfg = Release|Any CPU
		{C4B95BF4-09C4-4C44-93C5-88FF0350BCB3}.Release|Any CPU.Build.0 = Release|Any CPU
	EndGlobalSection
	GlobalSection(SolutionProperties) = preSolution
		HideSolutionNode = FALSE
	EndGlobalSection
	GlobalSection(ExtensibilityGlobals) = postSolution
		SolutionGuid = {1F3B3487-FCE7-41DE-BC7D-C83EFA887A22}
	EndGlobalSection
EndGlobal
